
Microsoft Visual Studio Solution File, Format Version 12.00
# Visual Studio Version 16
VisualStudioVersion = 16.0.29709.97
MinimumVisualStudioVersion = 10.0.40219.1
Project("{FAE04EC0-301F-11D3-BF4B-00C04F79EFBC}") = "CreateStruct", "CreateStruct\CreateStruct.csproj", "{5C8538ED-4358-4AB5-8D9E-7AC2FD63CB42}"
EndProject
Global
	GlobalSection(SolutionConfigurationPlatforms) = preSolution
		Debug|Any CPU = Debug|Any CPU
		Release|Any CPU = Release|Any CPU
	EndGlobalSection
	GlobalSection(ProjectConfigurationPlatforms) = postSolution
		{5C8538ED-4358-4AB5-8D9E-7AC2FD63CB42}.Debug|Any CPU.ActiveCfg = Debug|Any CPU
		{5C8538ED-4358-4AB5-8D9E-7AC2FD63CB42}.Debug|Any CPU.Build.0 = Debug|Any CPU
		{5C8538ED-4358-4AB5-8D9E-7AC2FD63CB42}.Release|Any CPU.ActiveCfg = Release|Any CPU
		{5C8538ED-4358-4AB5-8D9E-7AC2FD63CB42}.Release|Any CPU.Build.0 = Release|Any CPU
	EndGlobalSection
	GlobalSection(SolutionProperties) = preSolution
		HideSolutionNode = FALSE
	EndGlobalSection
	GlobalSection(ExtensibilityGlobals) = postSolution
		SolutionGuid = {C043C935-83D8-4232-B524-DFC4F97B6F86}
	EndGlobalSection
EndGlobal
